
Microsoft Visual Studio Solution File, Format Version 12.00
# Visual Studio Version 16
VisualStudioVersion = 16.0.30114.105
MinimumVisualStudioVersion = 10.0.40219.1
Project("{2150E333-8FDC-42A3-9474-1A3956D46DE8}") = "src", "src", "{46165F2A-0DB6-405C-AE67-2252CDDC8A20}"
EndProject
Project("{FAE04EC0-301F-11D3-BF4B-00C04F79EFBC}") = "ProcessModel", "src\ProcessModel\ProcessModel.csproj", "{DC4F8FE6-7477-4BF6-911C-A3EE997EE35F}"
EndProject
Project("{F2A71F9B-5D33-465A-A702-920D77279786}") = "Plotting", "src\Plotting\Plotting.fsproj", "{98ECFD51-9400-406C-B44B-81F45FD94B27}"
EndProject
Project("{FAE04EC0-301F-11D3-BF4B-00C04F79EFBC}") = "Interfaces", "src\Interfaces\Interfaces.csproj", "{643A0009-D3A5-418F-B2FA-895A75EC5107}"
EndProject
Project("{F2A71F9B-5D33-465A-A702-920D77279786}") = "MassBalance", "src\MassBalance\MassBalance.fsproj", "{9839C4B4-68BB-40A5-A898-41DF24DCEFB1}"
EndProject
Project("{2150E333-8FDC-42A3-9474-1A3956D46DE8}") = "tests", "tests", "{34CC036E-6679-4F20-94C0-15C8F1846B4B}"
EndProject
Project("{FAE04EC0-301F-11D3-BF4B-00C04F79EFBC}") = "UnitTests", "tests\UnitTests\UnitTests.csproj", "{45254FDC-6AC9-4A71-BD73-38EBFE871E11}"
EndProject
Project("{F2A71F9B-5D33-465A-A702-920D77279786}") = "Benchmarks", "tests\Benchmarks\Benchmarks.fsproj", "{69420C1B-9785-47F5-AC59-CC3E5114716B}"
EndProject
Project("{FAE04EC0-301F-11D3-BF4B-00C04F79EFBC}") = "YeastAnaerobicModel", "src\YeastAnaerobicModel\YeastAnaerobicModel.csproj", "{08904A82-FEFE-4940-8434-365A6D058633}"
EndProject
Project("{F2A71F9B-5D33-465A-A702-920D77279786}") = "Simulator", "src\Simulator\Simulator.fsproj", "{E58A4CD0-A959-45B7-830B-AF9A160D5746}"
EndProject
Project("{FAE04EC0-301F-11D3-BF4B-00C04F79EFBC}") = "Variables", "src\Variables\Variables.csproj", "{CFA70101-9D71-4A2D-B0B2-8E1222C2339A}"
EndProject
Global
	GlobalSection(SolutionConfigurationPlatforms) = preSolution
		Debug|Any CPU = Debug|Any CPU
		Debug|x64 = Debug|x64
		Debug|x86 = Debug|x86
		Release|Any CPU = Release|Any CPU
		Release|x64 = Release|x64
		Release|x86 = Release|x86
	EndGlobalSection
	GlobalSection(SolutionProperties) = preSolution
		HideSolutionNode = FALSE
	EndGlobalSection
	GlobalSection(ProjectConfigurationPlatforms) = postSolution
		{DC4F8FE6-7477-4BF6-911C-A3EE997EE35F}.Debug|Any CPU.ActiveCfg = Debug|Any CPU
		{DC4F8FE6-7477-4BF6-911C-A3EE997EE35F}.Debug|Any CPU.Build.0 = Debug|Any CPU
		{DC4F8FE6-7477-4BF6-911C-A3EE997EE35F}.Debug|x64.ActiveCfg = Debug|Any CPU
		{DC4F8FE6-7477-4BF6-911C-A3EE997EE35F}.Debug|x64.Build.0 = Debug|Any CPU
		{DC4F8FE6-7477-4BF6-911C-A3EE997EE35F}.Debug|x86.ActiveCfg = Debug|Any CPU
		{DC4F8FE6-7477-4BF6-911C-A3EE997EE35F}.Debug|x86.Build.0 = Debug|Any CPU
		{DC4F8FE6-7477-4BF6-911C-A3EE997EE35F}.Release|Any CPU.ActiveCfg = Release|Any CPU
		{DC4F8FE6-7477-4BF6-911C-A3EE997EE35F}.Release|Any CPU.Build.0 = Release|Any CPU
		{DC4F8FE6-7477-4BF6-911C-A3EE997EE35F}.Release|x64.ActiveCfg = Release|Any CPU
		{DC4F8FE6-7477-4BF6-911C-A3EE997EE35F}.Release|x64.Build.0 = Release|Any CPU
		{DC4F8FE6-7477-4BF6-911C-A3EE997EE35F}.Release|x86.ActiveCfg = Release|Any CPU
		{DC4F8FE6-7477-4BF6-911C-A3EE997EE35F}.Release|x86.Build.0 = Release|Any CPU
		{98ECFD51-9400-406C-B44B-81F45FD94B27}.Debug|Any CPU.ActiveCfg = Debug|Any CPU
		{98ECFD51-9400-406C-B44B-81F45FD94B27}.Debug|Any CPU.Build.0 = Debug|Any CPU
		{98ECFD51-9400-406C-B44B-81F45FD94B27}.Debug|x64.ActiveCfg = Debug|Any CPU
		{98ECFD51-9400-406C-B44B-81F45FD94B27}.Debug|x64.Build.0 = Debug|Any CPU
		{98ECFD51-9400-406C-B44B-81F45FD94B27}.Debug|x86.ActiveCfg = Debug|Any CPU
		{98ECFD51-9400-406C-B44B-81F45FD94B27}.Debug|x86.Build.0 = Debug|Any CPU
		{98ECFD51-9400-406C-B44B-81F45FD94B27}.Release|Any CPU.ActiveCfg = Release|Any CPU
		{98ECFD51-9400-406C-B44B-81F45FD94B27}.Release|Any CPU.Build.0 = Release|Any CPU
		{98ECFD51-9400-406C-B44B-81F45FD94B27}.Release|x64.ActiveCfg = Release|Any CPU
		{98ECFD51-9400-406C-B44B-81F45FD94B27}.Release|x64.Build.0 = Release|Any CPU
		{98ECFD51-9400-406C-B44B-81F45FD94B27}.Release|x86.ActiveCfg = Release|Any CPU
		{98ECFD51-9400-406C-B44B-81F45FD94B27}.Release|x86.Build.0 = Release|Any CPU
		{643A0009-D3A5-418F-B2FA-895A75EC5107}.Debug|Any CPU.ActiveCfg = Debug|Any CPU
		{643A0009-D3A5-418F-B2FA-895A75EC5107}.Debug|Any CPU.Build.0 = Debug|Any CPU
		{643A0009-D3A5-418F-B2FA-895A75EC5107}.Debug|x64.ActiveCfg = Debug|Any CPU
		{643A0009-D3A5-418F-B2FA-895A75EC5107}.Debug|x64.Build.0 = Debug|Any CPU
		{643A0009-D3A5-418F-B2FA-895A75EC5107}.Debug|x86.ActiveCfg = Debug|Any CPU
		{643A0009-D3A5-418F-B2FA-895A75EC5107}.Debug|x86.Build.0 = Debug|Any CPU
		{643A0009-D3A5-418F-B2FA-895A75EC5107}.Release|Any CPU.ActiveCfg = Release|Any CPU
		{643A0009-D3A5-418F-B2FA-895A75EC5107}.Release|Any CPU.Build.0 = Release|Any CPU
		{643A0009-D3A5-418F-B2FA-895A75EC5107}.Release|x64.ActiveCfg = Release|Any CPU
		{643A0009-D3A5-418F-B2FA-895A75EC5107}.Release|x64.Build.0 = Release|Any CPU
		{643A0009-D3A5-418F-B2FA-895A75EC5107}.Release|x86.ActiveCfg = Release|Any CPU
		{643A0009-D3A5-418F-B2FA-895A75EC5107}.Release|x86.Build.0 = Release|Any CPU
		{9839C4B4-68BB-40A5-A898-41DF24DCEFB1}.Debug|Any CPU.ActiveCfg = Debug|Any CPU
		{9839C4B4-68BB-40A5-A898-41DF24DCEFB1}.Debug|Any CPU.Build.0 = Debug|Any CPU
		{9839C4B4-68BB-40A5-A898-41DF24DCEFB1}.Debug|x64.ActiveCfg = Debug|Any CPU
		{9839C4B4-68BB-40A5-A898-41DF24DCEFB1}.Debug|x64.Build.0 = Debug|Any CPU
		{9839C4B4-68BB-40A5-A898-41DF24DCEFB1}.Debug|x86.ActiveCfg = Debug|Any CPU
		{9839C4B4-68BB-40A5-A898-41DF24DCEFB1}.Debug|x86.Build.0 = Debug|Any CPU
		{9839C4B4-68BB-40A5-A898-41DF24DCEFB1}.Release|Any CPU.ActiveCfg = Release|Any CPU
		{9839C4B4-68BB-40A5-A898-41DF24DCEFB1}.Release|Any CPU.Build.0 = Release|Any CPU
		{9839C4B4-68BB-40A5-A898-41DF24DCEFB1}.Release|x64.ActiveCfg = Release|Any CPU
		{9839C4B4-68BB-40A5-A898-41DF24DCEFB1}.Release|x64.Build.0 = Release|Any CPU
		{9839C4B4-68BB-40A5-A898-41DF24DCEFB1}.Release|x86.ActiveCfg = Release|Any CPU
		{9839C4B4-68BB-40A5-A898-41DF24DCEFB1}.Release|x86.Build.0 = Release|Any CPU
		{45254FDC-6AC9-4A71-BD73-38EBFE871E11}.Debug|Any CPU.ActiveCfg = Debug|Any CPU
		{45254FDC-6AC9-4A71-BD73-38EBFE871E11}.Debug|Any CPU.Build.0 = Debug|Any CPU
		{45254FDC-6AC9-4A71-BD73-38EBFE871E11}.Debug|x64.ActiveCfg = Debug|Any CPU
		{45254FDC-6AC9-4A71-BD73-38EBFE871E11}.Debug|x64.Build.0 = Debug|Any CPU
		{45254FDC-6AC9-4A71-BD73-38EBFE871E11}.Debug|x86.ActiveCfg = Debug|Any CPU
		{45254FDC-6AC9-4A71-BD73-38EBFE871E11}.Debug|x86.Build.0 = Debug|Any CPU
		{45254FDC-6AC9-4A71-BD73-38EBFE871E11}.Release|Any CPU.ActiveCfg = Release|Any CPU
		{45254FDC-6AC9-4A71-BD73-38EBFE871E11}.Release|Any CPU.Build.0 = Release|Any CPU
		{45254FDC-6AC9-4A71-BD73-38EBFE871E11}.Release|x64.ActiveCfg = Release|Any CPU
		{45254FDC-6AC9-4A71-BD73-38EBFE871E11}.Release|x64.Build.0 = Release|Any CPU
		{45254FDC-6AC9-4A71-BD73-38EBFE871E11}.Release|x86.ActiveCfg = Release|Any CPU
		{45254FDC-6AC9-4A71-BD73-38EBFE871E11}.Release|x86.Build.0 = Release|Any CPU
		{69420C1B-9785-47F5-AC59-CC3E5114716B}.Debug|Any CPU.ActiveCfg = Debug|Any CPU
		{69420C1B-9785-47F5-AC59-CC3E5114716B}.Debug|Any CPU.Build.0 = Debug|Any CPU
		{69420C1B-9785-47F5-AC59-CC3E5114716B}.Debug|x64.ActiveCfg = Debug|Any CPU
		{69420C1B-9785-47F5-AC59-CC3E5114716B}.Debug|x64.Build.0 = Debug|Any CPU
		{69420C1B-9785-47F5-AC59-CC3E5114716B}.Debug|x86.ActiveCfg = Debug|Any CPU
		{69420C1B-9785-47F5-AC59-CC3E5114716B}.Debug|x86.Build.0 = Debug|Any CPU
		{69420C1B-9785-47F5-AC59-CC3E5114716B}.Release|Any CPU.ActiveCfg = Release|Any CPU
		{69420C1B-9785-47F5-AC59-CC3E5114716B}.Release|Any CPU.Build.0 = Release|Any CPU
		{69420C1B-9785-47F5-AC59-CC3E5114716B}.Release|x64.ActiveCfg = Release|Any CPU
		{69420C1B-9785-47F5-AC59-CC3E5114716B}.Release|x64.Build.0 = Release|Any CPU
		{69420C1B-9785-47F5-AC59-CC3E5114716B}.Release|x86.ActiveCfg = Release|Any CPU
		{69420C1B-9785-47F5-AC59-CC3E5114716B}.Release|x86.Build.0 = Release|Any CPU
		{08904A82-FEFE-4940-8434-365A6D058633}.Debug|Any CPU.ActiveCfg = Debug|Any CPU
		{08904A82-FEFE-4940-8434-365A6D058633}.Debug|Any CPU.Build.0 = Debug|Any CPU
		{08904A82-FEFE-4940-8434-365A6D058633}.Debug|x64.ActiveCfg = Debug|Any CPU
		{08904A82-FEFE-4940-8434-365A6D058633}.Debug|x64.Build.0 = Debug|Any CPU
		{08904A82-FEFE-4940-8434-365A6D058633}.Debug|x86.ActiveCfg = Debug|Any CPU
		{08904A82-FEFE-4940-8434-365A6D058633}.Debug|x86.Build.0 = Debug|Any CPU
		{08904A82-FEFE-4940-8434-365A6D058633}.Release|Any CPU.ActiveCfg = Release|Any CPU
		{08904A82-FEFE-4940-8434-365A6D058633}.Release|Any CPU.Build.0 = Release|Any CPU
		{08904A82-FEFE-4940-8434-365A6D058633}.Release|x64.ActiveCfg = Release|Any CPU
		{08904A82-FEFE-4940-8434-365A6D058633}.Release|x64.Build.0 = Release|Any CPU
		{08904A82-FEFE-4940-8434-365A6D058633}.Release|x86.ActiveCfg = Release|Any CPU
		{08904A82-FEFE-4940-8434-365A6D058633}.Release|x86.Build.0 = Release|Any CPU
		{E58A4CD0-A959-45B7-830B-AF9A160D5746}.Debug|Any CPU.ActiveCfg = Debug|Any CPU
		{E58A4CD0-A959-45B7-830B-AF9A160D5746}.Debug|Any CPU.Build.0 = Debug|Any CPU
		{E58A4CD0-A959-45B7-830B-AF9A160D5746}.Debug|x64.ActiveCfg = Debug|Any CPU
		{E58A4CD0-A959-45B7-830B-AF9A160D5746}.Debug|x64.Build.0 = Debug|Any CPU
		{E58A4CD0-A959-45B7-830B-AF9A160D5746}.Debug|x86.ActiveCfg = Debug|Any CPU
		{E58A4CD0-A959-45B7-830B-AF9A160D5746}.Debug|x86.Build.0 = Debug|Any CPU
		{E58A4CD0-A959-45B7-830B-AF9A160D5746}.Release|Any CPU.ActiveCfg = Release|Any CPU
		{E58A4CD0-A959-45B7-830B-AF9A160D5746}.Release|Any CPU.Build.0 = Release|Any CPU
		{E58A4CD0-A959-45B7-830B-AF9A160D5746}.Release|x64.ActiveCfg = Release|Any CPU
		{E58A4CD0-A959-45B7-830B-AF9A160D5746}.Release|x64.Build.0 = Release|Any CPU
		{E58A4CD0-A959-45B7-830B-AF9A160D5746}.Release|x86.ActiveCfg = Release|Any CPU
		{E58A4CD0-A959-45B7-830B-AF9A160D5746}.Release|x86.Build.0 = Release|Any CPU
		{CFA70101-9D71-4A2D-B0B2-8E1222C2339A}.Debug|Any CPU.ActiveCfg = Debug|Any CPU
		{CFA70101-9D71-4A2D-B0B2-8E1222C2339A}.Debug|Any CPU.Build.0 = Debug|Any CPU
		{CFA70101-9D71-4A2D-B0B2-8E1222C2339A}.Debug|x64.ActiveCfg = Debug|Any CPU
		{CFA70101-9D71-4A2D-B0B2-8E1222C2339A}.Debug|x64.Build.0 = Debug|Any CPU
		{CFA70101-9D71-4A2D-B0B2-8E1222C2339A}.Debug|x86.ActiveCfg = Debug|Any CPU
		{CFA70101-9D71-4A2D-B0B2-8E1222C2339A}.Debug|x86.Build.0 = Debug|Any CPU
		{CFA70101-9D71-4A2D-B0B2-8E1222C2339A}.Release|Any CPU.ActiveCfg = Release|Any CPU
		{CFA70101-9D71-4A2D-B0B2-8E1222C2339A}.Release|Any CPU.Build.0 = Release|Any CPU
		{CFA70101-9D71-4A2D-B0B2-8E1222C2339A}.Release|x64.ActiveCfg = Release|Any CPU
		{CFA70101-9D71-4A2D-B0B2-8E1222C2339A}.Release|x64.Build.0 = Release|Any CPU
		{CFA70101-9D71-4A2D-B0B2-8E1222C2339A}.Release|x86.ActiveCfg = Release|Any CPU
		{CFA70101-9D71-4A2D-B0B2-8E1222C2339A}.Release|x86.Build.0 = Release|Any CPU
	EndGlobalSection
	GlobalSection(NestedProjects) = preSolution
		{DC4F8FE6-7477-4BF6-911C-A3EE997EE35F} = {46165F2A-0DB6-405C-AE67-2252CDDC8A20}
		{98ECFD51-9400-406C-B44B-81F45FD94B27} = {46165F2A-0DB6-405C-AE67-2252CDDC8A20}
		{643A0009-D3A5-418F-B2FA-895A75EC5107} = {46165F2A-0DB6-405C-AE67-2252CDDC8A20}
		{9839C4B4-68BB-40A5-A898-41DF24DCEFB1} = {46165F2A-0DB6-405C-AE67-2252CDDC8A20}
		{45254FDC-6AC9-4A71-BD73-38EBFE871E11} = {34CC036E-6679-4F20-94C0-15C8F1846B4B}
		{69420C1B-9785-47F5-AC59-CC3E5114716B} = {34CC036E-6679-4F20-94C0-15C8F1846B4B}
		{08904A82-FEFE-4940-8434-365A6D058633} = {46165F2A-0DB6-405C-AE67-2252CDDC8A20}
		{E58A4CD0-A959-45B7-830B-AF9A160D5746} = {46165F2A-0DB6-405C-AE67-2252CDDC8A20}
		{CFA70101-9D71-4A2D-B0B2-8E1222C2339A} = {46165F2A-0DB6-405C-AE67-2252CDDC8A20}
	EndGlobalSection
EndGlobal
