
Microsoft Visual Studio Solution File, Format Version 12.00
# Visual Studio Version 16
VisualStudioVersion = 16.6.30114.105
MinimumVisualStudioVersion = 10.0.40219.1
Project("{2150E333-8FDC-42A3-9474-1A3956D46DE8}") = "tests", "tests", "{9B80631C-5663-419F-B612-3353FFB461BF}"
EndProject
Project("{FAE04EC0-301F-11D3-BF4B-00C04F79EFBC}") = "UnitTests", "tests\UnitTests\UnitTests.csproj", "{A557C49B-1B6D-463F-BF0A-46DD45074F94}"
EndProject
Project("{2150E333-8FDC-42A3-9474-1A3956D46DE8}") = "src", "src", "{23B84F29-3B4B-4A36-B843-89FF35EA740F}"
EndProject
Project("{F2A71F9B-5D33-465A-A702-920D77279786}") = "MassBalance", "src\MassBalance\MassBalance.fsproj", "{8DF58C4B-F4A2-450D-AC1F-A9B22F78E6BE}"
EndProject
Project("{FAE04EC0-301F-11D3-BF4B-00C04F79EFBC}") = "YeastAnaerobicModel", "YeastAnaerobicModel\YeastAnaerobicModel.csproj", "{FB689680-1F70-4E43-8EE9-5395C4138CEB}"
EndProject
Project("{FAE04EC0-301F-11D3-BF4B-00C04F79EFBC}") = "Interfaces", "src\Interfaces\Interfaces.csproj", "{8C3834C8-1DB5-4320-AF58-ED0A8C2303AE}"
EndProject
Project("{F2A71F9B-5D33-465A-A702-920D77279786}") = "Benchmarks", "tests\Benchmarks\Benchmarks.fsproj", "{CD32A6C4-BF23-4AB4-B583-87ADD521FE3E}"
EndProject
Project("{FAE04EC0-301F-11D3-BF4B-00C04F79EFBC}") = "ProcessModel", "src\ProcessModel\ProcessModel.csproj", "{323A21E2-4112-4469-83BD-20C36147270E}"
EndProject
Project("{F2A71F9B-5D33-465A-A702-920D77279786}") = "Plotting", "src\Plotting\Plotting.fsproj", "{168BE824-439F-48E7-8ECB-BEE554A2F7EC}"
EndProject
Global
	GlobalSection(SolutionConfigurationPlatforms) = preSolution
		Debug|Any CPU = Debug|Any CPU
		Debug|x64 = Debug|x64
		Debug|x86 = Debug|x86
		Release|Any CPU = Release|Any CPU
		Release|x64 = Release|x64
		Release|x86 = Release|x86
	EndGlobalSection
	GlobalSection(SolutionProperties) = preSolution
		HideSolutionNode = FALSE
	EndGlobalSection
	GlobalSection(ProjectConfigurationPlatforms) = postSolution
		{A557C49B-1B6D-463F-BF0A-46DD45074F94}.Debug|Any CPU.ActiveCfg = Debug|Any CPU
		{A557C49B-1B6D-463F-BF0A-46DD45074F94}.Debug|Any CPU.Build.0 = Debug|Any CPU
		{A557C49B-1B6D-463F-BF0A-46DD45074F94}.Debug|x64.ActiveCfg = Debug|Any CPU
		{A557C49B-1B6D-463F-BF0A-46DD45074F94}.Debug|x64.Build.0 = Debug|Any CPU
		{A557C49B-1B6D-463F-BF0A-46DD45074F94}.Debug|x86.ActiveCfg = Debug|Any CPU
		{A557C49B-1B6D-463F-BF0A-46DD45074F94}.Debug|x86.Build.0 = Debug|Any CPU
		{A557C49B-1B6D-463F-BF0A-46DD45074F94}.Release|Any CPU.ActiveCfg = Release|Any CPU
		{A557C49B-1B6D-463F-BF0A-46DD45074F94}.Release|Any CPU.Build.0 = Release|Any CPU
		{A557C49B-1B6D-463F-BF0A-46DD45074F94}.Release|x64.ActiveCfg = Release|Any CPU
		{A557C49B-1B6D-463F-BF0A-46DD45074F94}.Release|x64.Build.0 = Release|Any CPU
		{A557C49B-1B6D-463F-BF0A-46DD45074F94}.Release|x86.ActiveCfg = Release|Any CPU
		{A557C49B-1B6D-463F-BF0A-46DD45074F94}.Release|x86.Build.0 = Release|Any CPU
		{8DF58C4B-F4A2-450D-AC1F-A9B22F78E6BE}.Debug|Any CPU.ActiveCfg = Debug|Any CPU
		{8DF58C4B-F4A2-450D-AC1F-A9B22F78E6BE}.Debug|Any CPU.Build.0 = Debug|Any CPU
		{8DF58C4B-F4A2-450D-AC1F-A9B22F78E6BE}.Debug|x64.ActiveCfg = Debug|Any CPU
		{8DF58C4B-F4A2-450D-AC1F-A9B22F78E6BE}.Debug|x64.Build.0 = Debug|Any CPU
		{8DF58C4B-F4A2-450D-AC1F-A9B22F78E6BE}.Debug|x86.ActiveCfg = Debug|Any CPU
		{8DF58C4B-F4A2-450D-AC1F-A9B22F78E6BE}.Debug|x86.Build.0 = Debug|Any CPU
		{8DF58C4B-F4A2-450D-AC1F-A9B22F78E6BE}.Release|Any CPU.ActiveCfg = Release|Any CPU
		{8DF58C4B-F4A2-450D-AC1F-A9B22F78E6BE}.Release|Any CPU.Build.0 = Release|Any CPU
		{8DF58C4B-F4A2-450D-AC1F-A9B22F78E6BE}.Release|x64.ActiveCfg = Release|Any CPU
		{8DF58C4B-F4A2-450D-AC1F-A9B22F78E6BE}.Release|x64.Build.0 = Release|Any CPU
		{8DF58C4B-F4A2-450D-AC1F-A9B22F78E6BE}.Release|x86.ActiveCfg = Release|Any CPU
		{8DF58C4B-F4A2-450D-AC1F-A9B22F78E6BE}.Release|x86.Build.0 = Release|Any CPU
		{FB689680-1F70-4E43-8EE9-5395C4138CEB}.Debug|Any CPU.ActiveCfg = Debug|Any CPU
		{FB689680-1F70-4E43-8EE9-5395C4138CEB}.Debug|Any CPU.Build.0 = Debug|Any CPU
		{FB689680-1F70-4E43-8EE9-5395C4138CEB}.Debug|x64.ActiveCfg = Debug|Any CPU
		{FB689680-1F70-4E43-8EE9-5395C4138CEB}.Debug|x64.Build.0 = Debug|Any CPU
		{FB689680-1F70-4E43-8EE9-5395C4138CEB}.Debug|x86.ActiveCfg = Debug|Any CPU
		{FB689680-1F70-4E43-8EE9-5395C4138CEB}.Debug|x86.Build.0 = Debug|Any CPU
		{FB689680-1F70-4E43-8EE9-5395C4138CEB}.Release|Any CPU.ActiveCfg = Release|Any CPU
		{FB689680-1F70-4E43-8EE9-5395C4138CEB}.Release|Any CPU.Build.0 = Release|Any CPU
		{FB689680-1F70-4E43-8EE9-5395C4138CEB}.Release|x64.ActiveCfg = Release|Any CPU
		{FB689680-1F70-4E43-8EE9-5395C4138CEB}.Release|x64.Build.0 = Release|Any CPU
		{FB689680-1F70-4E43-8EE9-5395C4138CEB}.Release|x86.ActiveCfg = Release|Any CPU
		{FB689680-1F70-4E43-8EE9-5395C4138CEB}.Release|x86.Build.0 = Release|Any CPU
		{8C3834C8-1DB5-4320-AF58-ED0A8C2303AE}.Debug|Any CPU.ActiveCfg = Debug|Any CPU
		{8C3834C8-1DB5-4320-AF58-ED0A8C2303AE}.Debug|Any CPU.Build.0 = Debug|Any CPU
		{8C3834C8-1DB5-4320-AF58-ED0A8C2303AE}.Debug|x64.ActiveCfg = Debug|Any CPU
		{8C3834C8-1DB5-4320-AF58-ED0A8C2303AE}.Debug|x64.Build.0 = Debug|Any CPU
		{8C3834C8-1DB5-4320-AF58-ED0A8C2303AE}.Debug|x86.ActiveCfg = Debug|Any CPU
		{8C3834C8-1DB5-4320-AF58-ED0A8C2303AE}.Debug|x86.Build.0 = Debug|Any CPU
		{8C3834C8-1DB5-4320-AF58-ED0A8C2303AE}.Release|Any CPU.ActiveCfg = Release|Any CPU
		{8C3834C8-1DB5-4320-AF58-ED0A8C2303AE}.Release|Any CPU.Build.0 = Release|Any CPU
		{8C3834C8-1DB5-4320-AF58-ED0A8C2303AE}.Release|x64.ActiveCfg = Release|Any CPU
		{8C3834C8-1DB5-4320-AF58-ED0A8C2303AE}.Release|x64.Build.0 = Release|Any CPU
		{8C3834C8-1DB5-4320-AF58-ED0A8C2303AE}.Release|x86.ActiveCfg = Release|Any CPU
		{8C3834C8-1DB5-4320-AF58-ED0A8C2303AE}.Release|x86.Build.0 = Release|Any CPU
		{CD32A6C4-BF23-4AB4-B583-87ADD521FE3E}.Debug|Any CPU.ActiveCfg = Debug|Any CPU
		{CD32A6C4-BF23-4AB4-B583-87ADD521FE3E}.Debug|Any CPU.Build.0 = Debug|Any CPU
		{CD32A6C4-BF23-4AB4-B583-87ADD521FE3E}.Debug|x64.ActiveCfg = Debug|Any CPU
		{CD32A6C4-BF23-4AB4-B583-87ADD521FE3E}.Debug|x64.Build.0 = Debug|Any CPU
		{CD32A6C4-BF23-4AB4-B583-87ADD521FE3E}.Debug|x86.ActiveCfg = Debug|Any CPU
		{CD32A6C4-BF23-4AB4-B583-87ADD521FE3E}.Debug|x86.Build.0 = Debug|Any CPU
		{CD32A6C4-BF23-4AB4-B583-87ADD521FE3E}.Release|Any CPU.ActiveCfg = Release|Any CPU
		{CD32A6C4-BF23-4AB4-B583-87ADD521FE3E}.Release|Any CPU.Build.0 = Release|Any CPU
		{CD32A6C4-BF23-4AB4-B583-87ADD521FE3E}.Release|x64.ActiveCfg = Release|Any CPU
		{CD32A6C4-BF23-4AB4-B583-87ADD521FE3E}.Release|x64.Build.0 = Release|Any CPU
		{CD32A6C4-BF23-4AB4-B583-87ADD521FE3E}.Release|x86.ActiveCfg = Release|Any CPU
		{CD32A6C4-BF23-4AB4-B583-87ADD521FE3E}.Release|x86.Build.0 = Release|Any CPU
		{323A21E2-4112-4469-83BD-20C36147270E}.Debug|Any CPU.ActiveCfg = Debug|Any CPU
		{323A21E2-4112-4469-83BD-20C36147270E}.Debug|Any CPU.Build.0 = Debug|Any CPU
		{323A21E2-4112-4469-83BD-20C36147270E}.Debug|x64.ActiveCfg = Debug|Any CPU
		{323A21E2-4112-4469-83BD-20C36147270E}.Debug|x64.Build.0 = Debug|Any CPU
		{323A21E2-4112-4469-83BD-20C36147270E}.Debug|x86.ActiveCfg = Debug|Any CPU
		{323A21E2-4112-4469-83BD-20C36147270E}.Debug|x86.Build.0 = Debug|Any CPU
		{323A21E2-4112-4469-83BD-20C36147270E}.Release|Any CPU.ActiveCfg = Release|Any CPU
		{323A21E2-4112-4469-83BD-20C36147270E}.Release|Any CPU.Build.0 = Release|Any CPU
		{323A21E2-4112-4469-83BD-20C36147270E}.Release|x64.ActiveCfg = Release|Any CPU
		{323A21E2-4112-4469-83BD-20C36147270E}.Release|x64.Build.0 = Release|Any CPU
		{323A21E2-4112-4469-83BD-20C36147270E}.Release|x86.ActiveCfg = Release|Any CPU
		{323A21E2-4112-4469-83BD-20C36147270E}.Release|x86.Build.0 = Release|Any CPU
		{168BE824-439F-48E7-8ECB-BEE554A2F7EC}.Debug|Any CPU.ActiveCfg = Debug|Any CPU
		{168BE824-439F-48E7-8ECB-BEE554A2F7EC}.Debug|Any CPU.Build.0 = Debug|Any CPU
		{168BE824-439F-48E7-8ECB-BEE554A2F7EC}.Debug|x64.ActiveCfg = Debug|Any CPU
		{168BE824-439F-48E7-8ECB-BEE554A2F7EC}.Debug|x64.Build.0 = Debug|Any CPU
		{168BE824-439F-48E7-8ECB-BEE554A2F7EC}.Debug|x86.ActiveCfg = Debug|Any CPU
		{168BE824-439F-48E7-8ECB-BEE554A2F7EC}.Debug|x86.Build.0 = Debug|Any CPU
		{168BE824-439F-48E7-8ECB-BEE554A2F7EC}.Release|Any CPU.ActiveCfg = Release|Any CPU
		{168BE824-439F-48E7-8ECB-BEE554A2F7EC}.Release|Any CPU.Build.0 = Release|Any CPU
		{168BE824-439F-48E7-8ECB-BEE554A2F7EC}.Release|x64.ActiveCfg = Release|Any CPU
		{168BE824-439F-48E7-8ECB-BEE554A2F7EC}.Release|x64.Build.0 = Release|Any CPU
		{168BE824-439F-48E7-8ECB-BEE554A2F7EC}.Release|x86.ActiveCfg = Release|Any CPU
		{168BE824-439F-48E7-8ECB-BEE554A2F7EC}.Release|x86.Build.0 = Release|Any CPU
	EndGlobalSection
	GlobalSection(NestedProjects) = preSolution
		{A557C49B-1B6D-463F-BF0A-46DD45074F94} = {9B80631C-5663-419F-B612-3353FFB461BF}
		{8DF58C4B-F4A2-450D-AC1F-A9B22F78E6BE} = {23B84F29-3B4B-4A36-B843-89FF35EA740F}
		{8C3834C8-1DB5-4320-AF58-ED0A8C2303AE} = {23B84F29-3B4B-4A36-B843-89FF35EA740F}
		{FB689680-1F70-4E43-8EE9-5395C4138CEB} = {23B84F29-3B4B-4A36-B843-89FF35EA740F}
		{CD32A6C4-BF23-4AB4-B583-87ADD521FE3E} = {9B80631C-5663-419F-B612-3353FFB461BF}
		{323A21E2-4112-4469-83BD-20C36147270E} = {23B84F29-3B4B-4A36-B843-89FF35EA740F}
		{168BE824-439F-48E7-8ECB-BEE554A2F7EC} = {23B84F29-3B4B-4A36-B843-89FF35EA740F}
	EndGlobalSection
EndGlobal
